
Microsoft Visual Studio Solution File, Format Version 12.00
# Visual Studio Version 17
VisualStudioVersion = 17.14.36603.0
MinimumVisualStudioVersion = 10.0.40219.1
Project("{FAE04EC0-301F-11D3-BF4B-00C04F79EFBC}") = "ClassDefinition1", "Person\ClassDefinition1.csproj", "{B6ADEF78-1F57-4A1D-B732-3175EE760418}"
EndProject
Global
	GlobalSection(SolutionConfigurationPlatforms) = preSolution
		Debug|Any CPU = Debug|Any CPU
		Release|Any CPU = Release|Any CPU
	EndGlobalSection
	GlobalSection(ProjectConfigurationPlatforms) = postSolution
		{B6ADEF78-1F57-4A1D-B732-3175EE760418}.Debug|Any CPU.ActiveCfg = Debug|Any CPU
		{B6ADEF78-1F57-4A1D-B732-3175EE760418}.Debug|Any CPU.Build.0 = Debug|Any CPU
		{B6ADEF78-1F57-4A1D-B732-3175EE760418}.Release|Any CPU.ActiveCfg = Release|Any CPU
		{B6ADEF78-1F57-4A1D-B732-3175EE760418}.Release|Any CPU.Build.0 = Release|Any CPU
	EndGlobalSection
	GlobalSection(SolutionProperties) = preSolution
		HideSolutionNode = FALSE
	EndGlobalSection
	GlobalSection(ExtensibilityGlobals) = postSolution
		SolutionGuid = {88C57C6F-4F90-4CCB-8C62-7FCABF47B710}
	EndGlobalSection
EndGlobal
