
Microsoft Visual Studio Solution File, Format Version 12.00
# Visual Studio Version 17
VisualStudioVersion = 17.14.36603.0 d17.14
MinimumVisualStudioVersion = 10.0.40219.1
Project("{FAE04EC0-301F-11D3-BF4B-00C04F79EFBC}") = "AbstractionAndInterfaces", "AbstractionAndInterfaces\AbstractionAndInterfaces.csproj", "{185EDAD6-9B38-4929-A63D-3C0E6B503EE7}"
EndProject
Global
	GlobalSection(SolutionConfigurationPlatforms) = preSolution
		Debug|Any CPU = Debug|Any CPU
		Release|Any CPU = Release|Any CPU
	EndGlobalSection
	GlobalSection(ProjectConfigurationPlatforms) = postSolution
		{185EDAD6-9B38-4929-A63D-3C0E6B503EE7}.Debug|Any CPU.ActiveCfg = Debug|Any CPU
		{185EDAD6-9B38-4929-A63D-3C0E6B503EE7}.Debug|Any CPU.Build.0 = Debug|Any CPU
		{185EDAD6-9B38-4929-A63D-3C0E6B503EE7}.Release|Any CPU.ActiveCfg = Release|Any CPU
		{185EDAD6-9B38-4929-A63D-3C0E6B503EE7}.Release|Any CPU.Build.0 = Release|Any CPU
	EndGlobalSection
	GlobalSection(SolutionProperties) = preSolution
		HideSolutionNode = FALSE
	EndGlobalSection
	GlobalSection(ExtensibilityGlobals) = postSolution
		SolutionGuid = {A4B2E4B9-F1BA-4154-BA91-713BC34E35A4}
	EndGlobalSection
EndGlobal
